
Microsoft Visual Studio Solution File, Format Version 12.00
# Visual Studio Version 17
VisualStudioVersion = 17.11.35327.3
MinimumVisualStudioVersion = 10.0.40219.1
Project("{8BC9CEB8-8B4A-11D0-8D11-00A0C91BC942}") = "p86 3.8", "p86 3.8\p86 3.8.vcxproj", "{ABF2233C-5B82-4D98-AABF-AE9E37E78F41}"
EndProject
Global
	GlobalSection(SolutionConfigurationPlatforms) = preSolution
		Debug|x64 = Debug|x64
		Debug|x86 = Debug|x86
		Release|x64 = Release|x64
		Release|x86 = Release|x86
	EndGlobalSection
	GlobalSection(ProjectConfigurationPlatforms) = postSolution
		{ABF2233C-5B82-4D98-AABF-AE9E37E78F41}.Debug|x64.ActiveCfg = Debug|x64
		{ABF2233C-5B82-4D98-AABF-AE9E37E78F41}.Debug|x64.Build.0 = Debug|x64
		{ABF2233C-5B82-4D98-AABF-AE9E37E78F41}.Debug|x86.ActiveCfg = Debug|Win32
		{ABF2233C-5B82-4D98-AABF-AE9E37E78F41}.Debug|x86.Build.0 = Debug|Win32
		{ABF2233C-5B82-4D98-AABF-AE9E37E78F41}.Release|x64.ActiveCfg = Release|x64
		{ABF2233C-5B82-4D98-AABF-AE9E37E78F41}.Release|x64.Build.0 = Release|x64
		{ABF2233C-5B82-4D98-AABF-AE9E37E78F41}.Release|x86.ActiveCfg = Release|Win32
		{ABF2233C-5B82-4D98-AABF-AE9E37E78F41}.Release|x86.Build.0 = Release|Win32
	EndGlobalSection
	GlobalSection(SolutionProperties) = preSolution
		HideSolutionNode = FALSE
	EndGlobalSection
	GlobalSection(ExtensibilityGlobals) = postSolution
		SolutionGuid = {DF9D3863-728C-4ECF-BD1D-D8E955EE3209}
	EndGlobalSection
EndGlobal
