
Microsoft Visual Studio Solution File, Format Version 12.00
# Visual Studio Version 17
VisualStudioVersion = 17.11.35312.102
MinimumVisualStudioVersion = 10.0.40219.1
Project("{8BC9CEB8-8B4A-11D0-8D11-00A0C91BC942}") = "判断平年与闰年", "判断平年与闰年\判断平年与闰年.vcxproj", "{6490A648-D8BD-472A-BD28-D75919C74263}"
EndProject
Global
	GlobalSection(SolutionConfigurationPlatforms) = preSolution
		Debug|x64 = Debug|x64
		Debug|x86 = Debug|x86
		Release|x64 = Release|x64
		Release|x86 = Release|x86
	EndGlobalSection
	GlobalSection(ProjectConfigurationPlatforms) = postSolution
		{6490A648-D8BD-472A-BD28-D75919C74263}.Debug|x64.ActiveCfg = Debug|x64
		{6490A648-D8BD-472A-BD28-D75919C74263}.Debug|x64.Build.0 = Debug|x64
		{6490A648-D8BD-472A-BD28-D75919C74263}.Debug|x86.ActiveCfg = Debug|Win32
		{6490A648-D8BD-472A-BD28-D75919C74263}.Debug|x86.Build.0 = Debug|Win32
		{6490A648-D8BD-472A-BD28-D75919C74263}.Release|x64.ActiveCfg = Release|x64
		{6490A648-D8BD-472A-BD28-D75919C74263}.Release|x64.Build.0 = Release|x64
		{6490A648-D8BD-472A-BD28-D75919C74263}.Release|x86.ActiveCfg = Release|Win32
		{6490A648-D8BD-472A-BD28-D75919C74263}.Release|x86.Build.0 = Release|Win32
	EndGlobalSection
	GlobalSection(SolutionProperties) = preSolution
		HideSolutionNode = FALSE
	EndGlobalSection
	GlobalSection(ExtensibilityGlobals) = postSolution
		SolutionGuid = {4304E707-C6E1-4DF3-8E59-B4DF415F9EAA}
	EndGlobalSection
EndGlobal
